
Microsoft Visual Studio Solution File, Format Version 12.00
# Visual Studio Version 17
VisualStudioVersion = 17.0.31903.59
MinimumVisualStudioVersion = 10.0.40219.1
Project("{FAE04EC0-301F-11D3-BF4B-00C04F79EFBC}") = "movies", "movies\movies.csproj", "{79EA7935-DE57-495E-A013-71C54CEFE9B3}"
EndProject
Global
	GlobalSection(SolutionConfigurationPlatforms) = preSolution
		Debug|Any CPU = Debug|Any CPU
		Release|Any CPU = Release|Any CPU
	EndGlobalSection
	GlobalSection(ProjectConfigurationPlatforms) = postSolution
		{79EA7935-DE57-495E-A013-71C54CEFE9B3}.Debug|Any CPU.ActiveCfg = Debug|Any CPU
		{79EA7935-DE57-495E-A013-71C54CEFE9B3}.Debug|Any CPU.Build.0 = Debug|Any CPU
		{79EA7935-DE57-495E-A013-71C54CEFE9B3}.Release|Any CPU.ActiveCfg = Release|Any CPU
		{79EA7935-DE57-495E-A013-71C54CEFE9B3}.Release|Any CPU.Build.0 = Release|Any CPU
	EndGlobalSection
	GlobalSection(SolutionProperties) = preSolution
		HideSolutionNode = FALSE
	EndGlobalSection
	GlobalSection(ExtensibilityGlobals) = postSolution
		SolutionGuid = {250ED296-9161-4978-A520-CB3425654860}
	EndGlobalSection
EndGlobal
